
Microsoft Visual Studio Solution File, Format Version 12.00
Project("{FAE04EC0-301F-11D3-BF4B-00C04F79EFBC}") = "WebApplication", "WebApplication\WebApplication.csproj", "{0EBF58A8-A26F-4E7C-A138-F4B1E2A583CD}"
EndProject
Project("{FAE04EC0-301F-11D3-BF4B-00C04F79EFBC}") = "DAL.App.EF", "DAL.App.EF\DAL.App.EF.csproj", "{F116D21C-2555-4E6A-95A5-D34D1F99D89D}"
EndProject
Project("{FAE04EC0-301F-11D3-BF4B-00C04F79EFBC}") = "CarApp.DAL.Base", "CarApp.DAL.Base\CarApp.DAL.Base.csproj", "{64E98722-4C87-4961-9C09-6AE2A3F1126C}"
EndProject
Project("{FAE04EC0-301F-11D3-BF4B-00C04F79EFBC}") = "CarApp.Domain.Base", "CarApp.Domain.Base\CarApp.Domain.Base.csproj", "{7DA1A6B8-C057-4ED7-BAFA-F65BB691D081}"
EndProject
Project("{FAE04EC0-301F-11D3-BF4B-00C04F79EFBC}") = "DAL.Base.EF", "DAL.Base.EF\DAL.Base.EF.csproj", "{3FA1FB1B-2F2D-43FC-A151-CB551C06CD52}"
EndProject
Project("{FAE04EC0-301F-11D3-BF4B-00C04F79EFBC}") = "Domain.App", "Domain.App\Domain.App.csproj", "{20AD2D01-FD57-43CE-A8BC-143A76D9332D}"
EndProject
Project("{FAE04EC0-301F-11D3-BF4B-00C04F79EFBC}") = "Domain.Base", "Domain.Base\Domain.Base.csproj", "{0CEAF629-F327-4C20-AB6A-BEBE3ACB742C}"
EndProject
Project("{FAE04EC0-301F-11D3-BF4B-00C04F79EFBC}") = "CarApp.DAL.App", "CarApp.DAL.App\CarApp.DAL.App.csproj", "{0C396581-7FE3-4D5A-9B69-96A7A9710BBF}"
EndProject
Project("{FAE04EC0-301F-11D3-BF4B-00C04F79EFBC}") = "DAL.Base", "DAL.Base\DAL.Base.csproj", "{31080981-7F28-4F12-92AE-CAA5FC16F787}"
EndProject
Project("{FAE04EC0-301F-11D3-BF4B-00C04F79EFBC}") = "CarApp.BLL.Base", "CarApp.BLL.Base\CarApp.BLL.Base.csproj", "{4053A49E-E90F-452A-93C1-5B35273C6C89}"
EndProject
Project("{FAE04EC0-301F-11D3-BF4B-00C04F79EFBC}") = "BLL.Base", "BLL.Base\BLL.Base.csproj", "{67FD07AC-88DA-48D4-BF17-31C1A610BA7C}"
EndProject
Project("{FAE04EC0-301F-11D3-BF4B-00C04F79EFBC}") = "CarApp.BLL.App", "CarApp.BLL.App\CarApp.BLL.App.csproj", "{1D33912B-3AB1-4BD8-8E3A-0C957786BF38}"
EndProject
Project("{FAE04EC0-301F-11D3-BF4B-00C04F79EFBC}") = "BLL.App.DTO", "BLL.App.DTO\BLL.App.DTO.csproj", "{EC005C19-C4FE-4EFA-BE84-49A59BF7B14C}"
EndProject
Project("{FAE04EC0-301F-11D3-BF4B-00C04F79EFBC}") = "DAL.App.DTO", "DAL.App.DTO\DAL.App.DTO.csproj", "{38D09DE1-D2AD-47D6-92F9-A4708716C016}"
EndProject
Project("{FAE04EC0-301F-11D3-BF4B-00C04F79EFBC}") = "BLL.App", "BLL.App\BLL.App.csproj", "{3F6A95CC-88E8-47B1-969A-89C996BC04D5}"
EndProject
Project("{FAE04EC0-301F-11D3-BF4B-00C04F79EFBC}") = "PublicApi.DTO.v1", "PublicApi.DTO.v1\PublicApi.DTO.v1.csproj", "{5B8B2C0B-AF8D-47AD-A622-BC80EBEAA92A}"
EndProject
Global
	GlobalSection(SolutionConfigurationPlatforms) = preSolution
		Debug|Any CPU = Debug|Any CPU
		Release|Any CPU = Release|Any CPU
	EndGlobalSection
	GlobalSection(ProjectConfigurationPlatforms) = postSolution
		{0EBF58A8-A26F-4E7C-A138-F4B1E2A583CD}.Debug|Any CPU.ActiveCfg = Debug|Any CPU
		{0EBF58A8-A26F-4E7C-A138-F4B1E2A583CD}.Debug|Any CPU.Build.0 = Debug|Any CPU
		{0EBF58A8-A26F-4E7C-A138-F4B1E2A583CD}.Release|Any CPU.ActiveCfg = Release|Any CPU
		{0EBF58A8-A26F-4E7C-A138-F4B1E2A583CD}.Release|Any CPU.Build.0 = Release|Any CPU
		{F116D21C-2555-4E6A-95A5-D34D1F99D89D}.Debug|Any CPU.ActiveCfg = Debug|Any CPU
		{F116D21C-2555-4E6A-95A5-D34D1F99D89D}.Debug|Any CPU.Build.0 = Debug|Any CPU
		{F116D21C-2555-4E6A-95A5-D34D1F99D89D}.Release|Any CPU.ActiveCfg = Release|Any CPU
		{F116D21C-2555-4E6A-95A5-D34D1F99D89D}.Release|Any CPU.Build.0 = Release|Any CPU
		{64E98722-4C87-4961-9C09-6AE2A3F1126C}.Debug|Any CPU.ActiveCfg = Debug|Any CPU
		{64E98722-4C87-4961-9C09-6AE2A3F1126C}.Debug|Any CPU.Build.0 = Debug|Any CPU
		{64E98722-4C87-4961-9C09-6AE2A3F1126C}.Release|Any CPU.ActiveCfg = Release|Any CPU
		{64E98722-4C87-4961-9C09-6AE2A3F1126C}.Release|Any CPU.Build.0 = Release|Any CPU
		{7DA1A6B8-C057-4ED7-BAFA-F65BB691D081}.Debug|Any CPU.ActiveCfg = Debug|Any CPU
		{7DA1A6B8-C057-4ED7-BAFA-F65BB691D081}.Debug|Any CPU.Build.0 = Debug|Any CPU
		{7DA1A6B8-C057-4ED7-BAFA-F65BB691D081}.Release|Any CPU.ActiveCfg = Release|Any CPU
		{7DA1A6B8-C057-4ED7-BAFA-F65BB691D081}.Release|Any CPU.Build.0 = Release|Any CPU
		{3FA1FB1B-2F2D-43FC-A151-CB551C06CD52}.Debug|Any CPU.ActiveCfg = Debug|Any CPU
		{3FA1FB1B-2F2D-43FC-A151-CB551C06CD52}.Debug|Any CPU.Build.0 = Debug|Any CPU
		{3FA1FB1B-2F2D-43FC-A151-CB551C06CD52}.Release|Any CPU.ActiveCfg = Release|Any CPU
		{3FA1FB1B-2F2D-43FC-A151-CB551C06CD52}.Release|Any CPU.Build.0 = Release|Any CPU
		{20AD2D01-FD57-43CE-A8BC-143A76D9332D}.Debug|Any CPU.ActiveCfg = Debug|Any CPU
		{20AD2D01-FD57-43CE-A8BC-143A76D9332D}.Debug|Any CPU.Build.0 = Debug|Any CPU
		{20AD2D01-FD57-43CE-A8BC-143A76D9332D}.Release|Any CPU.ActiveCfg = Release|Any CPU
		{20AD2D01-FD57-43CE-A8BC-143A76D9332D}.Release|Any CPU.Build.0 = Release|Any CPU
		{0CEAF629-F327-4C20-AB6A-BEBE3ACB742C}.Debug|Any CPU.ActiveCfg = Debug|Any CPU
		{0CEAF629-F327-4C20-AB6A-BEBE3ACB742C}.Debug|Any CPU.Build.0 = Debug|Any CPU
		{0CEAF629-F327-4C20-AB6A-BEBE3ACB742C}.Release|Any CPU.ActiveCfg = Release|Any CPU
		{0CEAF629-F327-4C20-AB6A-BEBE3ACB742C}.Release|Any CPU.Build.0 = Release|Any CPU
		{0C396581-7FE3-4D5A-9B69-96A7A9710BBF}.Debug|Any CPU.ActiveCfg = Debug|Any CPU
		{0C396581-7FE3-4D5A-9B69-96A7A9710BBF}.Debug|Any CPU.Build.0 = Debug|Any CPU
		{0C396581-7FE3-4D5A-9B69-96A7A9710BBF}.Release|Any CPU.ActiveCfg = Release|Any CPU
		{0C396581-7FE3-4D5A-9B69-96A7A9710BBF}.Release|Any CPU.Build.0 = Release|Any CPU
		{31080981-7F28-4F12-92AE-CAA5FC16F787}.Debug|Any CPU.ActiveCfg = Debug|Any CPU
		{31080981-7F28-4F12-92AE-CAA5FC16F787}.Debug|Any CPU.Build.0 = Debug|Any CPU
		{31080981-7F28-4F12-92AE-CAA5FC16F787}.Release|Any CPU.ActiveCfg = Release|Any CPU
		{31080981-7F28-4F12-92AE-CAA5FC16F787}.Release|Any CPU.Build.0 = Release|Any CPU
		{4053A49E-E90F-452A-93C1-5B35273C6C89}.Debug|Any CPU.ActiveCfg = Debug|Any CPU
		{4053A49E-E90F-452A-93C1-5B35273C6C89}.Debug|Any CPU.Build.0 = Debug|Any CPU
		{4053A49E-E90F-452A-93C1-5B35273C6C89}.Release|Any CPU.ActiveCfg = Release|Any CPU
		{4053A49E-E90F-452A-93C1-5B35273C6C89}.Release|Any CPU.Build.0 = Release|Any CPU
		{67FD07AC-88DA-48D4-BF17-31C1A610BA7C}.Debug|Any CPU.ActiveCfg = Debug|Any CPU
		{67FD07AC-88DA-48D4-BF17-31C1A610BA7C}.Debug|Any CPU.Build.0 = Debug|Any CPU
		{67FD07AC-88DA-48D4-BF17-31C1A610BA7C}.Release|Any CPU.ActiveCfg = Release|Any CPU
		{67FD07AC-88DA-48D4-BF17-31C1A610BA7C}.Release|Any CPU.Build.0 = Release|Any CPU
		{1D33912B-3AB1-4BD8-8E3A-0C957786BF38}.Debug|Any CPU.ActiveCfg = Debug|Any CPU
		{1D33912B-3AB1-4BD8-8E3A-0C957786BF38}.Debug|Any CPU.Build.0 = Debug|Any CPU
		{1D33912B-3AB1-4BD8-8E3A-0C957786BF38}.Release|Any CPU.ActiveCfg = Release|Any CPU
		{1D33912B-3AB1-4BD8-8E3A-0C957786BF38}.Release|Any CPU.Build.0 = Release|Any CPU
		{EC005C19-C4FE-4EFA-BE84-49A59BF7B14C}.Debug|Any CPU.ActiveCfg = Debug|Any CPU
		{EC005C19-C4FE-4EFA-BE84-49A59BF7B14C}.Debug|Any CPU.Build.0 = Debug|Any CPU
		{EC005C19-C4FE-4EFA-BE84-49A59BF7B14C}.Release|Any CPU.ActiveCfg = Release|Any CPU
		{EC005C19-C4FE-4EFA-BE84-49A59BF7B14C}.Release|Any CPU.Build.0 = Release|Any CPU
		{38D09DE1-D2AD-47D6-92F9-A4708716C016}.Debug|Any CPU.ActiveCfg = Debug|Any CPU
		{38D09DE1-D2AD-47D6-92F9-A4708716C016}.Debug|Any CPU.Build.0 = Debug|Any CPU
		{38D09DE1-D2AD-47D6-92F9-A4708716C016}.Release|Any CPU.ActiveCfg = Release|Any CPU
		{38D09DE1-D2AD-47D6-92F9-A4708716C016}.Release|Any CPU.Build.0 = Release|Any CPU
		{3F6A95CC-88E8-47B1-969A-89C996BC04D5}.Debug|Any CPU.ActiveCfg = Debug|Any CPU
		{3F6A95CC-88E8-47B1-969A-89C996BC04D5}.Debug|Any CPU.Build.0 = Debug|Any CPU
		{3F6A95CC-88E8-47B1-969A-89C996BC04D5}.Release|Any CPU.ActiveCfg = Release|Any CPU
		{3F6A95CC-88E8-47B1-969A-89C996BC04D5}.Release|Any CPU.Build.0 = Release|Any CPU
		{5B8B2C0B-AF8D-47AD-A622-BC80EBEAA92A}.Debug|Any CPU.ActiveCfg = Debug|Any CPU
		{5B8B2C0B-AF8D-47AD-A622-BC80EBEAA92A}.Debug|Any CPU.Build.0 = Debug|Any CPU
		{5B8B2C0B-AF8D-47AD-A622-BC80EBEAA92A}.Release|Any CPU.ActiveCfg = Release|Any CPU
		{5B8B2C0B-AF8D-47AD-A622-BC80EBEAA92A}.Release|Any CPU.Build.0 = Release|Any CPU
	EndGlobalSection
EndGlobal
