
Microsoft Visual Studio Solution File, Format Version 12.00
Project("{FAE04EC0-301F-11D3-BF4B-00C04F79EFBC}") = "Domain", "Domain\Domain.csproj", "{989DE9BC-B2DD-40FE-BA49-0F0DCE6CAB50}"
EndProject
Project("{FAE04EC0-301F-11D3-BF4B-00C04F79EFBC}") = "DAL", "DAL\DAL.csproj", "{04C9C27C-0C2E-43F0-9A28-CC1D10ED21AE}"
EndProject
Global
	GlobalSection(SolutionConfigurationPlatforms) = preSolution
		Debug|Any CPU = Debug|Any CPU
		Release|Any CPU = Release|Any CPU
	EndGlobalSection
	GlobalSection(ProjectConfigurationPlatforms) = postSolution
		{989DE9BC-B2DD-40FE-BA49-0F0DCE6CAB50}.Debug|Any CPU.ActiveCfg = Debug|Any CPU
		{989DE9BC-B2DD-40FE-BA49-0F0DCE6CAB50}.Debug|Any CPU.Build.0 = Debug|Any CPU
		{989DE9BC-B2DD-40FE-BA49-0F0DCE6CAB50}.Release|Any CPU.ActiveCfg = Release|Any CPU
		{989DE9BC-B2DD-40FE-BA49-0F0DCE6CAB50}.Release|Any CPU.Build.0 = Release|Any CPU
		{04C9C27C-0C2E-43F0-9A28-CC1D10ED21AE}.Debug|Any CPU.ActiveCfg = Debug|Any CPU
		{04C9C27C-0C2E-43F0-9A28-CC1D10ED21AE}.Debug|Any CPU.Build.0 = Debug|Any CPU
		{04C9C27C-0C2E-43F0-9A28-CC1D10ED21AE}.Release|Any CPU.ActiveCfg = Release|Any CPU
		{04C9C27C-0C2E-43F0-9A28-CC1D10ED21AE}.Release|Any CPU.Build.0 = Release|Any CPU
	EndGlobalSection
EndGlobal
