
Microsoft Visual Studio Solution File, Format Version 12.00
Project("{FAE04EC0-301F-11D3-BF4B-00C04F79EFBC}") = "Domain", "Domain\Domain.csproj", "{989DE9BC-B2DD-40FE-BA49-0F0DCE6CAB50}"
EndProject
Project("{FAE04EC0-301F-11D3-BF4B-00C04F79EFBC}") = "DAL", "DAL\DAL.csproj", "{04C9C27C-0C2E-43F0-9A28-CC1D10ED21AE}"
EndProject
Project("{FAE04EC0-301F-11D3-BF4B-00C04F79EFBC}") = "WebApp", "WebApp\WebApp.csproj", "{E331A965-7C49-492E-B3AC-FBAF2FA628CC}"
EndProject
Project("{FAE04EC0-301F-11D3-BF4B-00C04F79EFBC}") = "Resource.Base", "Resource.Base\Resource.Base.csproj", "{5671E949-2BF7-49BE-8396-6C543EAEDEA3}"
EndProject
Project("{FAE04EC0-301F-11D3-BF4B-00C04F79EFBC}") = "Extensions", "Extensions\Extensions.csproj", "{AEFC1D74-EC55-4E8F-947B-D23B23CB4BFC}"
EndProject
Global
	GlobalSection(SolutionConfigurationPlatforms) = preSolution
		Debug|Any CPU = Debug|Any CPU
		Release|Any CPU = Release|Any CPU
	EndGlobalSection
	GlobalSection(ProjectConfigurationPlatforms) = postSolution
		{989DE9BC-B2DD-40FE-BA49-0F0DCE6CAB50}.Debug|Any CPU.ActiveCfg = Debug|Any CPU
		{989DE9BC-B2DD-40FE-BA49-0F0DCE6CAB50}.Debug|Any CPU.Build.0 = Debug|Any CPU
		{989DE9BC-B2DD-40FE-BA49-0F0DCE6CAB50}.Release|Any CPU.ActiveCfg = Release|Any CPU
		{989DE9BC-B2DD-40FE-BA49-0F0DCE6CAB50}.Release|Any CPU.Build.0 = Release|Any CPU
		{04C9C27C-0C2E-43F0-9A28-CC1D10ED21AE}.Debug|Any CPU.ActiveCfg = Debug|Any CPU
		{04C9C27C-0C2E-43F0-9A28-CC1D10ED21AE}.Debug|Any CPU.Build.0 = Debug|Any CPU
		{04C9C27C-0C2E-43F0-9A28-CC1D10ED21AE}.Release|Any CPU.ActiveCfg = Release|Any CPU
		{04C9C27C-0C2E-43F0-9A28-CC1D10ED21AE}.Release|Any CPU.Build.0 = Release|Any CPU
		{E331A965-7C49-492E-B3AC-FBAF2FA628CC}.Debug|Any CPU.ActiveCfg = Debug|Any CPU
		{E331A965-7C49-492E-B3AC-FBAF2FA628CC}.Debug|Any CPU.Build.0 = Debug|Any CPU
		{E331A965-7C49-492E-B3AC-FBAF2FA628CC}.Release|Any CPU.ActiveCfg = Release|Any CPU
		{E331A965-7C49-492E-B3AC-FBAF2FA628CC}.Release|Any CPU.Build.0 = Release|Any CPU
		{5671E949-2BF7-49BE-8396-6C543EAEDEA3}.Debug|Any CPU.ActiveCfg = Debug|Any CPU
		{5671E949-2BF7-49BE-8396-6C543EAEDEA3}.Debug|Any CPU.Build.0 = Debug|Any CPU
		{5671E949-2BF7-49BE-8396-6C543EAEDEA3}.Release|Any CPU.ActiveCfg = Release|Any CPU
		{5671E949-2BF7-49BE-8396-6C543EAEDEA3}.Release|Any CPU.Build.0 = Release|Any CPU
		{AEFC1D74-EC55-4E8F-947B-D23B23CB4BFC}.Debug|Any CPU.ActiveCfg = Debug|Any CPU
		{AEFC1D74-EC55-4E8F-947B-D23B23CB4BFC}.Debug|Any CPU.Build.0 = Debug|Any CPU
		{AEFC1D74-EC55-4E8F-947B-D23B23CB4BFC}.Release|Any CPU.ActiveCfg = Release|Any CPU
		{AEFC1D74-EC55-4E8F-947B-D23B23CB4BFC}.Release|Any CPU.Build.0 = Release|Any CPU
	EndGlobalSection
EndGlobal
